// !$*UTF8*$!
{
	archiveVersion = 1;
	classes = {
	};
	objectVersion = 51;
	objects = {

/* Begin PBXBuildFile section */
		BAD6BDDC6BB27D00E63704C2 /* libPods-AnimationLayer.a in Frameworks */ = {isa = PBXBuildFile; fileRef = 64DE7D19C8B5422FAB547693 /* libPods-AnimationLayer.a */; };
		CE2C2C02255C691E00E411FE /* CheckpointAnimationLayer.swift in Sources */ = {isa = PBXBuildFile; fileRef = CE2C2C01255C691E00E411FE /* CheckpointAnimationLayer.swift */; };
		CE2C2C07255D33ED00E411FE /* CheckpointAnimationView.swift in Sources */ = {isa = PBXBuildFile; fileRef = CE2C2C06255D33ED00E411FE /* CheckpointAnimationView.swift */; };
		CEF5742225557DAB00284CEB /* AppDelegate.swift in Sources */ = {isa = PBXBuildFile; fileRef = CEF5742125557DAB00284CEB /* AppDelegate.swift */; };
		CEF5742425557DAB00284CEB /* SceneDelegate.swift in Sources */ = {isa = PBXBuildFile; fileRef = CEF5742325557DAB00284CEB /* SceneDelegate.swift */; };
		CEF5742625557DAB00284CEB /* ViewController.swift in Sources */ = {isa = PBXBuildFile; fileRef = CEF5742525557DAB00284CEB /* ViewController.swift */; };
		CEF5742925557DAB00284CEB /* Main.storyboard in Resources */ = {isa = PBXBuildFile; fileRef = CEF5742725557DAB00284CEB /* Main.storyboard */; };
		CEF5742B25557DAE00284CEB /* Assets.xcassets in Resources */ = {isa = PBXBuildFile; fileRef = CEF5742A25557DAE00284CEB /* Assets.xcassets */; };
		CEF5742E25557DAE00284CEB /* LaunchScreen.storyboard in Resources */ = {isa = PBXBuildFile; fileRef = CEF5742C25557DAE00284CEB /* LaunchScreen.storyboard */; };
/* End PBXBuildFile section */

/* Begin PBXFileReference section */
		64DE7D19C8B5422FAB547693 /* libPods-AnimationLayer.a */ = {isa = PBXFileReference; explicitFileType = archive.ar; includeInIndex = 0; path = "libPods-AnimationLayer.a"; sourceTree = BUILT_PRODUCTS_DIR; };
		6ABD85D1AB0711F5675F208A /* Pods-AnimationLayer.release.xcconfig */ = {isa = PBXFileReference; includeInIndex = 1; lastKnownFileType = text.xcconfig; name = "Pods-AnimationLayer.release.xcconfig"; path = "Target Support Files/Pods-AnimationLayer/Pods-AnimationLayer.release.xcconfig"; sourceTree = "<group>"; };
		CE2C2C01255C691E00E411FE /* CheckpointAnimationLayer.swift */ = {isa = PBXFileReference; lastKnownFileType = sourcecode.swift; path = CheckpointAnimationLayer.swift; sourceTree = "<group>"; };
		CE2C2C06255D33ED00E411FE /* CheckpointAnimationView.swift */ = {isa = PBXFileReference; lastKnownFileType = sourcecode.swift; path = CheckpointAnimationView.swift; sourceTree = "<group>"; };
		CEF5741E25557DAB00284CEB /* AnimationLayer.app */ = {isa = PBXFileReference; explicitFileType = wrapper.application; includeInIndex = 0; path = AnimationLayer.app; sourceTree = BUILT_PRODUCTS_DIR; };
		CEF5742125557DAB00284CEB /* AppDelegate.swift */ = {isa = PBXFileReference; lastKnownFileType = sourcecode.swift; path = AppDelegate.swift; sourceTree = "<group>"; };
		CEF5742325557DAB00284CEB /* SceneDelegate.swift */ = {isa = PBXFileReference; lastKnownFileType = sourcecode.swift; path = SceneDelegate.swift; sourceTree = "<group>"; };
		CEF5742525557DAB00284CEB /* ViewController.swift */ = {isa = PBXFileReference; lastKnownFileType = sourcecode.swift; path = ViewController.swift; sourceTree = "<group>"; };
		CEF5742825557DAB00284CEB /* Base */ = {isa = PBXFileReference; lastKnownFileType = file.storyboard; name = Base; path = Base.lproj/Main.storyboard; sourceTree = "<group>"; };
		CEF5742A25557DAE00284CEB /* Assets.xcassets */ = {isa = PBXFileReference; lastKnownFileType = folder.assetcatalog; path = Assets.xcassets; sourceTree = "<group>"; };
		CEF5742D25557DAE00284CEB /* Base */ = {isa = PBXFileReference; lastKnownFileType = file.storyboard; name = Base; path = Base.lproj/LaunchScreen.storyboard; sourceTree = "<group>"; };
		CEF5742F25557DAE00284CEB /* Info.plist */ = {isa = PBXFileReference; lastKnownFileType = text.plist.xml; path = Info.plist; sourceTree = "<group>"; };
		D4AD81B708BA84C938B45F74 /* Pods-AnimationLayer.debug.xcconfig */ = {isa = PBXFileReference; includeInIndex = 1; lastKnownFileType = text.xcconfig; name = "Pods-AnimationLayer.debug.xcconfig"; path = "Target Support Files/Pods-AnimationLayer/Pods-AnimationLayer.debug.xcconfig"; sourceTree = "<group>"; };
/* End PBXFileReference section */

/* Begin PBXFrameworksBuildPhase section */
		CEF5741B25557DAB00284CEB /* Frameworks */ = {
			isa = PBXFrameworksBuildPhase;
			buildActionMask = 2147483647;
			files = (
				BAD6BDDC6BB27D00E63704C2 /* libPods-AnimationLayer.a in Frameworks */,
			);
			runOnlyForDeploymentPostprocessing = 0;
		};
/* End PBXFrameworksBuildPhase section */

/* Begin PBXGroup section */
		1FD181FBA676E90F3D73C143 /* Pods */ = {
			isa = PBXGroup;
			children = (
				D4AD81B708BA84C938B45F74 /* Pods-AnimationLayer.debug.xcconfig */,
				6ABD85D1AB0711F5675F208A /* Pods-AnimationLayer.release.xcconfig */,
			);
			path = Pods;
			sourceTree = "<group>";
		};
		B91BF0A589CE69BD4C57F4F3 /* Frameworks */ = {
			isa = PBXGroup;
			children = (
				64DE7D19C8B5422FAB547693 /* libPods-AnimationLayer.a */,
			);
			name = Frameworks;
			sourceTree = "<group>";
		};
		CEF5741525557DAB00284CEB = {
			isa = PBXGroup;
			children = (
				CEF5742025557DAB00284CEB /* AnimationLayer */,
				CEF5741F25557DAB00284CEB /* Products */,
				1FD181FBA676E90F3D73C143 /* Pods */,
				B91BF0A589CE69BD4C57F4F3 /* Frameworks */,
			);
			sourceTree = "<group>";
		};
		CEF5741F25557DAB00284CEB /* Products */ = {
			isa = PBXGroup;
			children = (
				CEF5741E25557DAB00284CEB /* AnimationLayer.app */,
			);
			name = Products;
			sourceTree = "<group>";
		};
		CEF5742025557DAB00284CEB /* AnimationLayer */ = {
			isa = PBXGroup;
			children = (
				CEF5742125557DAB00284CEB /* AppDelegate.swift */,
				CEF5742325557DAB00284CEB /* SceneDelegate.swift */,
				CEF5742525557DAB00284CEB /* ViewController.swift */,
				CE2C2C06255D33ED00E411FE /* CheckpointAnimationView.swift */,
				CE2C2C01255C691E00E411FE /* CheckpointAnimationLayer.swift */,
				CEF5742725557DAB00284CEB /* Main.storyboard */,
				CEF5742A25557DAE00284CEB /* Assets.xcassets */,
				CEF5742C25557DAE00284CEB /* LaunchScreen.storyboard */,
				CEF5742F25557DAE00284CEB /* Info.plist */,
			);
			path = AnimationLayer;
			sourceTree = "<group>";
		};
/* End PBXGroup section */

/* Begin PBXNativeTarget section */
		CEF5741D25557DAB00284CEB /* AnimationLayer */ = {
			isa = PBXNativeTarget;
			buildConfigurationList = CEF5743225557DAE00284CEB /* Build configuration list for PBXNativeTarget "AnimationLayer" */;
			buildPhases = (
				112B0A1D98BF2B201A49D96A /* [CP] Check Pods Manifest.lock */,
				CEF5741A25557DAB00284CEB /* Sources */,
				CEF5741B25557DAB00284CEB /* Frameworks */,
				CEF5741C25557DAB00284CEB /* Resources */,
				350B3E53781BD47B99A74DBE /* [CP] Copy Pods Resources */,
			);
			buildRules = (
			);
			dependencies = (
			);
			name = AnimationLayer;
			productName = AnimationLayer;
			productReference = CEF5741E25557DAB00284CEB /* AnimationLayer.app */;
			productType = "com.apple.product-type.application";
		};
/* End PBXNativeTarget section */

/* Begin PBXProject section */
		CEF5741625557DAB00284CEB /* Project object */ = {
			isa = PBXProject;
			attributes = {
				LastSwiftUpdateCheck = 1210;
				LastUpgradeCheck = 1210;
				TargetAttributes = {
					CEF5741D25557DAB00284CEB = {
						CreatedOnToolsVersion = 12.1;
					};
				};
			};
			buildConfigurationList = CEF5741925557DAB00284CEB /* Build configuration list for PBXProject "AnimationLayer" */;
			compatibilityVersion = "Xcode 9.3";
			developmentRegion = en;
			hasScannedForEncodings = 0;
			knownRegions = (
				en,
				Base,
			);
			mainGroup = CEF5741525557DAB00284CEB;
			productRefGroup = CEF5741F25557DAB00284CEB /* Products */;
			projectDirPath = "";
			projectRoot = "";
			targets = (
				CEF5741D25557DAB00284CEB /* AnimationLayer */,
			);
		};
/* End PBXProject section */

/* Begin PBXResourcesBuildPhase section */
		CEF5741C25557DAB00284CEB /* Resources */ = {
			isa = PBXResourcesBuildPhase;
			buildActionMask = 2147483647;
			files = (
				CEF5742E25557DAE00284CEB /* LaunchScreen.storyboard in Resources */,
				CEF5742B25557DAE00284CEB /* Assets.xcassets in Resources */,
				CEF5742925557DAB00284CEB /* Main.storyboard in Resources */,
			);
			runOnlyForDeploymentPostprocessing = 0;
		};
/* End PBXResourcesBuildPhase section */

/* Begin PBXShellScriptBuildPhase section */
		112B0A1D98BF2B201A49D96A /* [CP] Check Pods Manifest.lock */ = {
			isa = PBXShellScriptBuildPhase;
			buildActionMask = 2147483647;
			files = (
			);
			inputFileListPaths = (
			);
			inputPaths = (
				"${PODS_PODFILE_DIR_PATH}/Podfile.lock",
				"${PODS_ROOT}/Manifest.lock",
			);
			name = "[CP] Check Pods Manifest.lock";
			outputFileListPaths = (
			);
			outputPaths = (
				"$(DERIVED_FILE_DIR)/Pods-AnimationLayer-checkManifestLockResult.txt",
			);
			runOnlyForDeploymentPostprocessing = 0;
			shellPath = /bin/sh;
			shellScript = "diff \"${PODS_PODFILE_DIR_PATH}/Podfile.lock\" \"${PODS_ROOT}/Manifest.lock\" > /dev/null\nif [ $? != 0 ] ; then\n    # print error to STDERR\n    echo \"error: The sandbox is not in sync with the Podfile.lock. Run 'pod install' or update your CocoaPods installation.\" >&2\n    exit 1\nfi\n# This output is used by Xcode 'outputs' to avoid re-running this script phase.\necho \"SUCCESS\" > \"${SCRIPT_OUTPUT_FILE_0}\"\n";
			showEnvVarsInLog = 0;
		};
		350B3E53781BD47B99A74DBE /* [CP] Copy Pods Resources */ = {
			isa = PBXShellScriptBuildPhase;
			buildActionMask = 2147483647;
			files = (
			);
			inputFileListPaths = (
				"${PODS_ROOT}/Target Support Files/Pods-AnimationLayer/Pods-AnimationLayer-resources-${CONFIGURATION}-input-files.xcfilelist",
			);
			name = "[CP] Copy Pods Resources";
			outputFileListPaths = (
				"${PODS_ROOT}/Target Support Files/Pods-AnimationLayer/Pods-AnimationLayer-resources-${CONFIGURATION}-output-files.xcfilelist",
			);
			runOnlyForDeploymentPostprocessing = 0;
			shellPath = /bin/sh;
			shellScript = "\"${PODS_ROOT}/Target Support Files/Pods-AnimationLayer/Pods-AnimationLayer-resources.sh\"\n";
			showEnvVarsInLog = 0;
		};
/* End PBXShellScriptBuildPhase section */

/* Begin PBXSourcesBuildPhase section */
		CEF5741A25557DAB00284CEB /* Sources */ = {
			isa = PBXSourcesBuildPhase;
			buildActionMask = 2147483647;
			files = (
				CEF5742625557DAB00284CEB /* ViewController.swift in Sources */,
				CEF5742225557DAB00284CEB /* AppDelegate.swift in Sources */,
				CE2C2C02255C691E00E411FE /* CheckpointAnimationLayer.swift in Sources */,
				CE2C2C07255D33ED00E411FE /* CheckpointAnimationView.swift in Sources */,
				CEF5742425557DAB00284CEB /* SceneDelegate.swift in Sources */,
			);
			runOnlyForDeploymentPostprocessing = 0;
		};
/* End PBXSourcesBuildPhase section */

/* Begin PBXVariantGroup section */
		CEF5742725557DAB00284CEB /* Main.storyboard */ = {
			isa = PBXVariantGroup;
			children = (
				CEF5742825557DAB00284CEB /* Base */,
			);
			name = Main.storyboard;
			sourceTree = "<group>";
		};
		CEF5742C25557DAE00284CEB /* LaunchScreen.storyboard */ = {
			isa = PBXVariantGroup;
			children = (
				CEF5742D25557DAE00284CEB /* Base */,
			);
			name = LaunchScreen.storyboard;
			sourceTree = "<group>";
		};
/* End PBXVariantGroup section */

/* Begin XCBuildConfiguration section */
		CEF5743025557DAE00284CEB /* Debug */ = {
			isa = XCBuildConfiguration;
			buildSettings = {
				ALWAYS_SEARCH_USER_PATHS = NO;
				CLANG_ANALYZER_NONNULL = YES;
				CLANG_ANALYZER_NUMBER_OBJECT_CONVERSION = YES_AGGRESSIVE;
				CLANG_CXX_LANGUAGE_STANDARD = "gnu++14";
				CLANG_CXX_LIBRARY = "libc++";
				CLANG_ENABLE_MODULES = YES;
				CLANG_ENABLE_OBJC_ARC = YES;
				CLANG_ENABLE_OBJC_WEAK = YES;
				CLANG_WARN_BLOCK_CAPTURE_AUTORELEASING = YES;
				CLANG_WARN_BOOL_CONVERSION = YES;
				CLANG_WARN_COMMA = YES;
				CLANG_WARN_CONSTANT_CONVERSION = YES;
				CLANG_WARN_DEPRECATED_OBJC_IMPLEMENTATIONS = YES;
				CLANG_WARN_DIRECT_OBJC_ISA_USAGE = YES_ERROR;
				CLANG_WARN_DOCUMENTATION_COMMENTS = YES;
				CLANG_WARN_EMPTY_BODY = YES;
				CLANG_WARN_ENUM_CONVERSION = YES;
				CLANG_WARN_INFINITE_RECURSION = YES;
				CLANG_WARN_INT_CONVERSION = YES;
				CLANG_WARN_NON_LITERAL_NULL_CONVERSION = YES;
				CLANG_WARN_OBJC_IMPLICIT_RETAIN_SELF = YES;
				CLANG_WARN_OBJC_LITERAL_CONVERSION = YES;
				CLANG_WARN_OBJC_ROOT_CLASS = YES_ERROR;
				CLANG_WARN_QUOTED_INCLUDE_IN_FRAMEWORK_HEADER = YES;
				CLANG_WARN_RANGE_LOOP_ANALYSIS = YES;
				CLANG_WARN_STRICT_PROTOTYPES = YES;
				CLANG_WARN_SUSPICIOUS_MOVE = YES;
				CLANG_WARN_UNGUARDED_AVAILABILITY = YES_AGGRESSIVE;
				CLANG_WARN_UNREACHABLE_CODE = YES;
				CLANG_WARN__DUPLICATE_METHOD_MATCH = YES;
				COPY_PHASE_STRIP = NO;
				DEBUG_INFORMATION_FORMAT = dwarf;
				ENABLE_STRICT_OBJC_MSGSEND = YES;
				ENABLE_TESTABILITY = YES;
				GCC_C_LANGUAGE_STANDARD = gnu11;
				GCC_DYNAMIC_NO_PIC = NO;
				GCC_NO_COMMON_BLOCKS = YES;
				GCC_OPTIMIZATION_LEVEL = 0;
				GCC_PREPROCESSOR_DEFINITIONS = (
					"DEBUG=1",
					"$(inherited)",
				);
				GCC_WARN_64_TO_32_BIT_CONVERSION = YES;
				GCC_WARN_ABOUT_RETURN_TYPE = YES_ERROR;
				GCC_WARN_UNDECLARED_SELECTOR = YES;
				GCC_WARN_UNINITIALIZED_AUTOS = YES_AGGRESSIVE;
				GCC_WARN_UNUSED_FUNCTION = YES;
				GCC_WARN_UNUSED_VARIABLE = YES;
				IPHONEOS_DEPLOYMENT_TARGET = 13.0;
				MTL_ENABLE_DEBUG_INFO = INCLUDE_SOURCE;
				MTL_FAST_MATH = YES;
				ONLY_ACTIVE_ARCH = YES;
				SDKROOT = iphoneos;
				SWIFT_ACTIVE_COMPILATION_CONDITIONS = DEBUG;
				SWIFT_OPTIMIZATION_LEVEL = "-Onone";
			};
			name = Debug;
		};
		CEF5743125557DAE00284CEB /* Release */ = {
			isa = XCBuildConfiguration;
			buildSettings = {
				ALWAYS_SEARCH_USER_PATHS = NO;
				CLANG_ANALYZER_NONNULL = YES;
				CLANG_ANALYZER_NUMBER_OBJECT_CONVERSION = YES_AGGRESSIVE;
				CLANG_CXX_LANGUAGE_STANDARD = "gnu++14";
				CLANG_CXX_LIBRARY = "libc++";
				CLANG_ENABLE_MODULES = YES;
				CLANG_ENABLE_OBJC_ARC = YES;
				CLANG_ENABLE_OBJC_WEAK = YES;
				CLANG_WARN_BLOCK_CAPTURE_AUTORELEASING = YES;
				CLANG_WARN_BOOL_CONVERSION = YES;
				CLANG_WARN_COMMA = YES;
				CLANG_WARN_CONSTANT_CONVERSION = YES;
				CLANG_WARN_DEPRECATED_OBJC_IMPLEMENTATIONS = YES;
				CLANG_WARN_DIRECT_OBJC_ISA_USAGE = YES_ERROR;
				CLANG_WARN_DOCUMENTATION_COMMENTS = YES;
				CLANG_WARN_EMPTY_BODY = YES;
				CLANG_WARN_ENUM_CONVERSION = YES;
				CLANG_WARN_INFINITE_RECURSION = YES;
				CLANG_WARN_INT_CONVERSION = YES;
				CLANG_WARN_NON_LITERAL_NULL_CONVERSION = YES;
				CLANG_WARN_OBJC_IMPLICIT_RETAIN_SELF = YES;
				CLANG_WARN_OBJC_LITERAL_CONVERSION = YES;
				CLANG_WARN_OBJC_ROOT_CLASS = YES_ERROR;
				CLANG_WARN_QUOTED_INCLUDE_IN_FRAMEWORK_HEADER = YES;
				CLANG_WARN_RANGE_LOOP_ANALYSIS = YES;
				CLANG_WARN_STRICT_PROTOTYPES = YES;
				CLANG_WARN_SUSPICIOUS_MOVE = YES;
				CLANG_WARN_UNGUARDED_AVAILABILITY = YES_AGGRESSIVE;
				CLANG_WARN_UNREACHABLE_CODE = YES;
				CLANG_WARN__DUPLICATE_METHOD_MATCH = YES;
				COPY_PHASE_STRIP = NO;
				DEBUG_INFORMATION_FORMAT = "dwarf-with-dsym";
				ENABLE_NS_ASSERTIONS = NO;
				ENABLE_STRICT_OBJC_MSGSEND = YES;
				GCC_C_LANGUAGE_STANDARD = gnu11;
				GCC_NO_COMMON_BLOCKS = YES;
				GCC_WARN_64_TO_32_BIT_CONVERSION = YES;
				GCC_WARN_ABOUT_RETURN_TYPE = YES_ERROR;
				GCC_WARN_UNDECLARED_SELECTOR = YES;
				GCC_WARN_UNINITIALIZED_AUTOS = YES_AGGRESSIVE;
				GCC_WARN_UNUSED_FUNCTION = YES;
				GCC_WARN_UNUSED_VARIABLE = YES;
				IPHONEOS_DEPLOYMENT_TARGET = 13.0;
				MTL_ENABLE_DEBUG_INFO = NO;
				MTL_FAST_MATH = YES;
				SDKROOT = iphoneos;
				SWIFT_COMPILATION_MODE = wholemodule;
				SWIFT_OPTIMIZATION_LEVEL = "-O";
				VALIDATE_PRODUCT = YES;
			};
			name = Release;
		};
		CEF5743325557DAE00284CEB /* Debug */ = {
			isa = XCBuildConfiguration;
			baseConfigurationReference = D4AD81B708BA84C938B45F74 /* Pods-AnimationLayer.debug.xcconfig */;
			buildSettings = {
				ASSETCATALOG_COMPILER_APPICON_NAME = AppIcon;
				ASSETCATALOG_COMPILER_GLOBAL_ACCENT_COLOR_NAME = AccentColor;
				CODE_SIGN_STYLE = Automatic;
				DEVELOPMENT_TEAM = 282L6YEX2R;
				INFOPLIST_FILE = AnimationLayer/Info.plist;
				IPHONEOS_DEPLOYMENT_TARGET = 13.0;
				LD_RUNPATH_SEARCH_PATHS = (
					"$(inherited)",
					"@executable_path/Frameworks",
				);
				PRODUCT_BUNDLE_IDENTIFIER = w.AnimationLayer;
				PRODUCT_NAME = "$(TARGET_NAME)";
				SWIFT_VERSION = 5.0;
				TARGETED_DEVICE_FAMILY = "1,2";
			};
			name = Debug;
		};
		CEF5743425557DAE00284CEB /* Release */ = {
			isa = XCBuildConfiguration;
			baseConfigurationReference = 6ABD85D1AB0711F5675F208A /* Pods-AnimationLayer.release.xcconfig */;
			buildSettings = {
				ASSETCATALOG_COMPILER_APPICON_NAME = AppIcon;
				ASSETCATALOG_COMPILER_GLOBAL_ACCENT_COLOR_NAME = AccentColor;
				CODE_SIGN_STYLE = Automatic;
				DEVELOPMENT_TEAM = 282L6YEX2R;
				INFOPLIST_FILE = AnimationLayer/Info.plist;
				IPHONEOS_DEPLOYMENT_TARGET = 13.0;
				LD_RUNPATH_SEARCH_PATHS = (
					"$(inherited)",
					"@executable_path/Frameworks",
				);
				PRODUCT_BUNDLE_IDENTIFIER = w.AnimationLayer;
				PRODUCT_NAME = "$(TARGET_NAME)";
				SWIFT_VERSION = 5.0;
				TARGETED_DEVICE_FAMILY = "1,2";
			};
			name = Release;
		};
/* End XCBuildConfiguration section */

/* Begin XCConfigurationList section */
		CEF5741925557DAB00284CEB /* Build configuration list for PBXProject "AnimationLayer" */ = {
			isa = XCConfigurationList;
			buildConfigurations = (
				CEF5743025557DAE00284CEB /* Debug */,
				CEF5743125557DAE00284CEB /* Release */,
			);
			defaultConfigurationIsVisible = 0;
			defaultConfigurationName = Release;
		};
		CEF5743225557DAE00284CEB /* Build configuration list for PBXNativeTarget "AnimationLayer" */ = {
			isa = XCConfigurationList;
			buildConfigurations = (
				CEF5743325557DAE00284CEB /* Debug */,
				CEF5743425557DAE00284CEB /* Release */,
			);
			defaultConfigurationIsVisible = 0;
			defaultConfigurationName = Release;
		};
/* End XCConfigurationList section */
	};
	rootObject = CEF5741625557DAB00284CEB /* Project object */;
}
